// !$*UTF8*$!
{
	archiveVersion = 1;
	classes = {
	};
	objectVersion = 77;
	objects = {

/* Begin PBXBuildFile section */
		CA054C5F2CF1ACE300AA8384 /* .gitignore in Resources */ = {isa = PBXBuildFile; fileRef = CA054C5E2CF1ACDB00AA8384 /* .gitignore */; };
		CA13134C2D2761C400F08208 /* AppIntents.framework in Frameworks */ = {isa = PBXBuildFile; fileRef = CA17351F2D0F3D410020CBDB /* AppIntents.framework */; };
		CAA348742D062AF4004BAE1F /* FirebaseAnalytics in Frameworks */ = {isa = PBXBuildFile; productRef = CAA348732D062AF4004BAE1F /* FirebaseAnalytics */; };
		CAA348762D062AF4004BAE1F /* FirebaseAnalyticsOnDeviceConversion in Frameworks */ = {isa = PBXBuildFile; productRef = CAA348752D062AF4004BAE1F /* FirebaseAnalyticsOnDeviceConversion */; };
		CAA348782D062AF4004BAE1F /* FirebaseAnalyticsWithoutAdIdSupport in Frameworks */ = {isa = PBXBuildFile; productRef = CAA348772D062AF4004BAE1F /* FirebaseAnalyticsWithoutAdIdSupport */; };
		CAA3487A2D062AF4004BAE1F /* FirebaseAppCheck in Frameworks */ = {isa = PBXBuildFile; productRef = CAA348792D062AF4004BAE1F /* FirebaseAppCheck */; };
		CAA3487C2D062AF4004BAE1F /* FirebaseAppDistribution-Beta in Frameworks */ = {isa = PBXBuildFile; productRef = CAA3487B2D062AF4004BAE1F /* FirebaseAppDistribution-Beta */; };
		CAA348802D066107004BAE1F /* FirebaseAuth in Frameworks */ = {isa = PBXBuildFile; productRef = CAA3487F2D066107004BAE1F /* FirebaseAuth */; };
		CAA348822D066107004BAE1F /* FirebaseAuthCombine-Community in Frameworks */ = {isa = PBXBuildFile; productRef = CAA348812D066107004BAE1F /* FirebaseAuthCombine-Community */; };
		CAA348842D066107004BAE1F /* FirebaseCore in Frameworks */ = {isa = PBXBuildFile; productRef = CAA348832D066107004BAE1F /* FirebaseCore */; };
		CAA348862D066107004BAE1F /* FirebaseCrashlytics in Frameworks */ = {isa = PBXBuildFile; productRef = CAA348852D066107004BAE1F /* FirebaseCrashlytics */; };
		CAA348882D066107004BAE1F /* FirebaseDatabase in Frameworks */ = {isa = PBXBuildFile; productRef = CAA348872D066107004BAE1F /* FirebaseDatabase */; };
		CAA3488A2D066107004BAE1F /* FirebaseDynamicLinks in Frameworks */ = {isa = PBXBuildFile; productRef = CAA348892D066107004BAE1F /* FirebaseDynamicLinks */; };
		CAA3488C2D066107004BAE1F /* FirebaseFirestore in Frameworks */ = {isa = PBXBuildFile; productRef = CAA3488B2D066107004BAE1F /* FirebaseFirestore */; };
		CAA3488E2D066107004BAE1F /* FirebaseFirestoreCombine-Community in Frameworks */ = {isa = PBXBuildFile; productRef = CAA3488D2D066107004BAE1F /* FirebaseFirestoreCombine-Community */; };
		CAA348902D066107004BAE1F /* FirebaseFunctions in Frameworks */ = {isa = PBXBuildFile; productRef = CAA3488F2D066107004BAE1F /* FirebaseFunctions */; };
		CAA348922D066107004BAE1F /* FirebaseFunctionsCombine-Community in Frameworks */ = {isa = PBXBuildFile; productRef = CAA348912D066107004BAE1F /* FirebaseFunctionsCombine-Community */; };
		CAA348942D066107004BAE1F /* FirebaseInAppMessaging-Beta in Frameworks */ = {isa = PBXBuildFile; productRef = CAA348932D066107004BAE1F /* FirebaseInAppMessaging-Beta */; };
		CAA348962D066107004BAE1F /* FirebaseInstallations in Frameworks */ = {isa = PBXBuildFile; productRef = CAA348952D066107004BAE1F /* FirebaseInstallations */; };
		CAA348982D066107004BAE1F /* FirebaseMLModelDownloader in Frameworks */ = {isa = PBXBuildFile; productRef = CAA348972D066107004BAE1F /* FirebaseMLModelDownloader */; };
		CAA3489A2D066107004BAE1F /* FirebaseMessaging in Frameworks */ = {isa = PBXBuildFile; productRef = CAA348992D066107004BAE1F /* FirebaseMessaging */; };
		CAA3489C2D066107004BAE1F /* FirebasePerformance in Frameworks */ = {isa = PBXBuildFile; productRef = CAA3489B2D066107004BAE1F /* FirebasePerformance */; };
		CAA3489E2D066107004BAE1F /* FirebaseRemoteConfig in Frameworks */ = {isa = PBXBuildFile; productRef = CAA3489D2D066107004BAE1F /* FirebaseRemoteConfig */; };
		CAA348A02D066107004BAE1F /* FirebaseStorage in Frameworks */ = {isa = PBXBuildFile; productRef = CAA3489F2D066107004BAE1F /* FirebaseStorage */; };
		CAA348A22D066107004BAE1F /* FirebaseStorageCombine-Community in Frameworks */ = {isa = PBXBuildFile; productRef = CAA348A12D066107004BAE1F /* FirebaseStorageCombine-Community */; };
		CAA348A42D066107004BAE1F /* FirebaseVertexAI in Frameworks */ = {isa = PBXBuildFile; productRef = CAA348A32D066107004BAE1F /* FirebaseVertexAI */; };
		CAE3CAFC2D111D2D00F3A8FF /* WidgetKit.framework in Frameworks */ = {isa = PBXBuildFile; fileRef = CA1735052D0F3CAB0020CBDB /* WidgetKit.framework */; };
		CAE3CAFD2D111D2D00F3A8FF /* SwiftUI.framework in Frameworks */ = {isa = PBXBuildFile; fileRef = CA1735072D0F3CAC0020CBDB /* SwiftUI.framework */; };
		CAE3CB0E2D111D2F00F3A8FF /* Money widgetExtension.appex in Embed Foundation Extensions */ = {isa = PBXBuildFile; fileRef = CAE3CAFB2D111D2C00F3A8FF /* Money widgetExtension.appex */; settings = {ATTRIBUTES = (RemoveHeadersOnCopy, ); }; };
/* End PBXBuildFile section */

/* Begin PBXContainerItemProxy section */
		CA41D9B42CB98316000DCD06 /* PBXContainerItemProxy */ = {
			isa = PBXContainerItemProxy;
			containerPortal = CA41D9992CB98313000DCD06 /* Project object */;
			proxyType = 1;
			remoteGlobalIDString = CA41D9A02CB98313000DCD06;
			remoteInfo = Moneym8;
		};
		CA41D9BE2CB98317000DCD06 /* PBXContainerItemProxy */ = {
			isa = PBXContainerItemProxy;
			containerPortal = CA41D9992CB98313000DCD06 /* Project object */;
			proxyType = 1;
			remoteGlobalIDString = CA41D9A02CB98313000DCD06;
			remoteInfo = Moneym8;
		};
		CAE3CB0C2D111D2F00F3A8FF /* PBXContainerItemProxy */ = {
			isa = PBXContainerItemProxy;
			containerPortal = CA41D9992CB98313000DCD06 /* Project object */;
			proxyType = 1;
			remoteGlobalIDString = CAE3CAFA2D111D2C00F3A8FF;
			remoteInfo = "Money widgetExtension";
		};
/* End PBXContainerItemProxy section */

/* Begin PBXCopyFilesBuildPhase section */
		CA17351E2D0F3CAE0020CBDB /* Embed Foundation Extensions */ = {
			isa = PBXCopyFilesBuildPhase;
			buildActionMask = 2147483647;
			dstPath = "";
			dstSubfolderSpec = 13;
			files = (
				CAE3CB0E2D111D2F00F3A8FF /* Money widgetExtension.appex in Embed Foundation Extensions */,
			);
			name = "Embed Foundation Extensions";
			runOnlyForDeploymentPostprocessing = 0;
		};
/* End PBXCopyFilesBuildPhase section */

/* Begin PBXFileReference section */
		CA054C5E2CF1ACDB00AA8384 /* .gitignore */ = {isa = PBXFileReference; lastKnownFileType = text; path = .gitignore; sourceTree = "<group>"; };
		CA1735052D0F3CAB0020CBDB /* WidgetKit.framework */ = {isa = PBXFileReference; lastKnownFileType = wrapper.framework; name = WidgetKit.framework; path = System/Library/Frameworks/WidgetKit.framework; sourceTree = SDKROOT; };
		CA1735072D0F3CAC0020CBDB /* SwiftUI.framework */ = {isa = PBXFileReference; lastKnownFileType = wrapper.framework; name = SwiftUI.framework; path = System/Library/Frameworks/SwiftUI.framework; sourceTree = SDKROOT; };
		CA17351F2D0F3D410020CBDB /* AppIntents.framework */ = {isa = PBXFileReference; lastKnownFileType = wrapper.framework; name = AppIntents.framework; path = System/Library/Frameworks/AppIntents.framework; sourceTree = SDKROOT; };
		CA41D9A12CB98313000DCD06 /* Moneym8.app */ = {isa = PBXFileReference; explicitFileType = wrapper.application; includeInIndex = 0; path = Moneym8.app; sourceTree = BUILT_PRODUCTS_DIR; };
		CA41D9B32CB98316000DCD06 /* Moneym8Tests.xctest */ = {isa = PBXFileReference; explicitFileType = wrapper.cfbundle; includeInIndex = 0; path = Moneym8Tests.xctest; sourceTree = BUILT_PRODUCTS_DIR; };
		CA41D9BD2CB98316000DCD06 /* Moneym8UITests.xctest */ = {isa = PBXFileReference; explicitFileType = wrapper.cfbundle; includeInIndex = 0; path = Moneym8UITests.xctest; sourceTree = BUILT_PRODUCTS_DIR; };
		CAE3CAFB2D111D2C00F3A8FF /* Money widgetExtension.appex */ = {isa = PBXFileReference; explicitFileType = "wrapper.app-extension"; includeInIndex = 0; path = "Money widgetExtension.appex"; sourceTree = BUILT_PRODUCTS_DIR; };
		CAE3CB222D1A414400F3A8FF /* Money widgetExtension.entitlements */ = {isa = PBXFileReference; lastKnownFileType = text.plist.entitlements; path = "Money widgetExtension.entitlements"; sourceTree = "<group>"; };
/* End PBXFileReference section */

/* Begin PBXFileSystemSynchronizedBuildFileExceptionSet section */
		CA13134D2D27650600F08208 /* Exceptions for "Moneym8" folder in "Moneym8" target */ = {
			isa = PBXFileSystemSynchronizedBuildFileExceptionSet;
			membershipExceptions = (
				Info.plist,
			);
			target = CA41D9A02CB98313000DCD06 /* Moneym8 */;
		};
		CA13134E2D27651700F08208 /* Exceptions for "Money widget" folder in "Money widgetExtension" target */ = {
			isa = PBXFileSystemSynchronizedBuildFileExceptionSet;
			membershipExceptions = (
				Info.plist,
			);
			target = CAE3CAFA2D111D2C00F3A8FF /* Money widgetExtension */;
		};
/* End PBXFileSystemSynchronizedBuildFileExceptionSet section */

/* Begin PBXFileSystemSynchronizedRootGroup section */
		CA41D9A32CB98313000DCD06 /* Moneym8 */ = {
			isa = PBXFileSystemSynchronizedRootGroup;
			exceptions = (
				CA13134D2D27650600F08208 /* Exceptions for "Moneym8" folder in "Moneym8" target */,
			);
			path = Moneym8;
			sourceTree = "<group>";
		};
		CA41D9B62CB98316000DCD06 /* Moneym8Tests */ = {
			isa = PBXFileSystemSynchronizedRootGroup;
			path = Moneym8Tests;
			sourceTree = "<group>";
		};
		CA41D9C02CB98317000DCD06 /* Moneym8UITests */ = {
			isa = PBXFileSystemSynchronizedRootGroup;
			path = Moneym8UITests;
			sourceTree = "<group>";
		};
		CAE3CAFE2D111D2D00F3A8FF /* Money widget */ = {
			isa = PBXFileSystemSynchronizedRootGroup;
			exceptions = (
				CA13134E2D27651700F08208 /* Exceptions for "Money widget" folder in "Money widgetExtension" target */,
			);
			path = "Money widget";
			sourceTree = "<group>";
		};
/* End PBXFileSystemSynchronizedRootGroup section */

/* Begin PBXFrameworksBuildPhase section */
		CA41D99E2CB98313000DCD06 /* Frameworks */ = {
			isa = PBXFrameworksBuildPhase;
			buildActionMask = 2147483647;
			files = (
				CAA3488E2D066107004BAE1F /* FirebaseFirestoreCombine-Community in Frameworks */,
				CAA348A42D066107004BAE1F /* FirebaseVertexAI in Frameworks */,
				CAA348902D066107004BAE1F /* FirebaseFunctions in Frameworks */,
				CAA3489C2D066107004BAE1F /* FirebasePerformance in Frameworks */,
				CAA348A22D066107004BAE1F /* FirebaseStorageCombine-Community in Frameworks */,
				CAA3489E2D066107004BAE1F /* FirebaseRemoteConfig in Frameworks */,
				CAA348882D066107004BAE1F /* FirebaseDatabase in Frameworks */,
				CAA3488A2D066107004BAE1F /* FirebaseDynamicLinks in Frameworks */,
				CAA3487A2D062AF4004BAE1F /* FirebaseAppCheck in Frameworks */,
				CAA348802D066107004BAE1F /* FirebaseAuth in Frameworks */,
				CAA348742D062AF4004BAE1F /* FirebaseAnalytics in Frameworks */,
				CAA3488C2D066107004BAE1F /* FirebaseFirestore in Frameworks */,
				CAA3489A2D066107004BAE1F /* FirebaseMessaging in Frameworks */,
				CAA348962D066107004BAE1F /* FirebaseInstallations in Frameworks */,
				CAA348922D066107004BAE1F /* FirebaseFunctionsCombine-Community in Frameworks */,
				CAA3487C2D062AF4004BAE1F /* FirebaseAppDistribution-Beta in Frameworks */,
				CAA348782D062AF4004BAE1F /* FirebaseAnalyticsWithoutAdIdSupport in Frameworks */,
				CAA348942D066107004BAE1F /* FirebaseInAppMessaging-Beta in Frameworks */,
				CAA348822D066107004BAE1F /* FirebaseAuthCombine-Community in Frameworks */,
				CAA348862D066107004BAE1F /* FirebaseCrashlytics in Frameworks */,
				CAA348982D066107004BAE1F /* FirebaseMLModelDownloader in Frameworks */,
				CAA348A02D066107004BAE1F /* FirebaseStorage in Frameworks */,
				CAA348842D066107004BAE1F /* FirebaseCore in Frameworks */,
				CAA348762D062AF4004BAE1F /* FirebaseAnalyticsOnDeviceConversion in Frameworks */,
			);
			runOnlyForDeploymentPostprocessing = 0;
		};
		CA41D9B02CB98316000DCD06 /* Frameworks */ = {
			isa = PBXFrameworksBuildPhase;
			buildActionMask = 2147483647;
			files = (
			);
			runOnlyForDeploymentPostprocessing = 0;
		};
		CA41D9BA2CB98316000DCD06 /* Frameworks */ = {
			isa = PBXFrameworksBuildPhase;
			buildActionMask = 2147483647;
			files = (
			);
			runOnlyForDeploymentPostprocessing = 0;
		};
		CAE3CAF82D111D2C00F3A8FF /* Frameworks */ = {
			isa = PBXFrameworksBuildPhase;
			buildActionMask = 2147483647;
			files = (
				CAE3CAFD2D111D2D00F3A8FF /* SwiftUI.framework in Frameworks */,
				CAE3CAFC2D111D2D00F3A8FF /* WidgetKit.framework in Frameworks */,
				CA13134C2D2761C400F08208 /* AppIntents.framework in Frameworks */,
			);
			runOnlyForDeploymentPostprocessing = 0;
		};
/* End PBXFrameworksBuildPhase section */

/* Begin PBXGroup section */
		CA2054BD2CF8EA1B001B714E /* Frameworks */ = {
			isa = PBXGroup;
			children = (
				CA17351F2D0F3D410020CBDB /* AppIntents.framework */,
				CA1735052D0F3CAB0020CBDB /* WidgetKit.framework */,
				CA1735072D0F3CAC0020CBDB /* SwiftUI.framework */,
			);
			name = Frameworks;
			sourceTree = "<group>";
		};
		CA41D9982CB98313000DCD06 = {
			isa = PBXGroup;
			children = (
				CAE3CB222D1A414400F3A8FF /* Money widgetExtension.entitlements */,
				CA054C5E2CF1ACDB00AA8384 /* .gitignore */,
				CA41D9A32CB98313000DCD06 /* Moneym8 */,
				CA41D9B62CB98316000DCD06 /* Moneym8Tests */,
				CA41D9C02CB98317000DCD06 /* Moneym8UITests */,
				CAE3CAFE2D111D2D00F3A8FF /* Money widget */,
				CA2054BD2CF8EA1B001B714E /* Frameworks */,
				CA41D9A22CB98313000DCD06 /* Products */,
			);
			sourceTree = "<group>";
		};
		CA41D9A22CB98313000DCD06 /* Products */ = {
			isa = PBXGroup;
			children = (
				CA41D9A12CB98313000DCD06 /* Moneym8.app */,
				CA41D9B32CB98316000DCD06 /* Moneym8Tests.xctest */,
				CA41D9BD2CB98316000DCD06 /* Moneym8UITests.xctest */,
				CAE3CAFB2D111D2C00F3A8FF /* Money widgetExtension.appex */,
			);
			name = Products;
			sourceTree = "<group>";
		};
/* End PBXGroup section */

/* Begin PBXNativeTarget section */
		CA41D9A02CB98313000DCD06 /* Moneym8 */ = {
			isa = PBXNativeTarget;
			buildConfigurationList = CA41D9C72CB98317000DCD06 /* Build configuration list for PBXNativeTarget "Moneym8" */;
			buildPhases = (
				CA41D99D2CB98313000DCD06 /* Sources */,
				CA41D99E2CB98313000DCD06 /* Frameworks */,
				CA41D99F2CB98313000DCD06 /* Resources */,
				CA17351E2D0F3CAE0020CBDB /* Embed Foundation Extensions */,
			);
			buildRules = (
			);
			dependencies = (
				CAE3CB0D2D111D2F00F3A8FF /* PBXTargetDependency */,
			);
			fileSystemSynchronizedGroups = (
				CA41D9A32CB98313000DCD06 /* Moneym8 */,
			);
			name = Moneym8;
			packageProductDependencies = (
				CAA348732D062AF4004BAE1F /* FirebaseAnalytics */,
				CAA348752D062AF4004BAE1F /* FirebaseAnalyticsOnDeviceConversion */,
				CAA348772D062AF4004BAE1F /* FirebaseAnalyticsWithoutAdIdSupport */,
				CAA348792D062AF4004BAE1F /* FirebaseAppCheck */,
				CAA3487B2D062AF4004BAE1F /* FirebaseAppDistribution-Beta */,
				CAA3487F2D066107004BAE1F /* FirebaseAuth */,
				CAA348812D066107004BAE1F /* FirebaseAuthCombine-Community */,
				CAA348832D066107004BAE1F /* FirebaseCore */,
				CAA348852D066107004BAE1F /* FirebaseCrashlytics */,
				CAA348872D066107004BAE1F /* FirebaseDatabase */,
				CAA348892D066107004BAE1F /* FirebaseDynamicLinks */,
				CAA3488B2D066107004BAE1F /* FirebaseFirestore */,
				CAA3488D2D066107004BAE1F /* FirebaseFirestoreCombine-Community */,
				CAA3488F2D066107004BAE1F /* FirebaseFunctions */,
				CAA348912D066107004BAE1F /* FirebaseFunctionsCombine-Community */,
				CAA348932D066107004BAE1F /* FirebaseInAppMessaging-Beta */,
				CAA348952D066107004BAE1F /* FirebaseInstallations */,
				CAA348972D066107004BAE1F /* FirebaseMLModelDownloader */,
				CAA348992D066107004BAE1F /* FirebaseMessaging */,
				CAA3489B2D066107004BAE1F /* FirebasePerformance */,
				CAA3489D2D066107004BAE1F /* FirebaseRemoteConfig */,
				CAA3489F2D066107004BAE1F /* FirebaseStorage */,
				CAA348A12D066107004BAE1F /* FirebaseStorageCombine-Community */,
				CAA348A32D066107004BAE1F /* FirebaseVertexAI */,
			);
			productName = Moneym8;
			productReference = CA41D9A12CB98313000DCD06 /* Moneym8.app */;
			productType = "com.apple.product-type.application";
		};
		CA41D9B22CB98316000DCD06 /* Moneym8Tests */ = {
			isa = PBXNativeTarget;
			buildConfigurationList = CA41D9CA2CB98317000DCD06 /* Build configuration list for PBXNativeTarget "Moneym8Tests" */;
			buildPhases = (
				CA41D9AF2CB98316000DCD06 /* Sources */,
				CA41D9B02CB98316000DCD06 /* Frameworks */,
				CA41D9B12CB98316000DCD06 /* Resources */,
			);
			buildRules = (
			);
			dependencies = (
				CA41D9B52CB98316000DCD06 /* PBXTargetDependency */,
			);
			fileSystemSynchronizedGroups = (
				CA41D9B62CB98316000DCD06 /* Moneym8Tests */,
			);
			name = Moneym8Tests;
			packageProductDependencies = (
			);
			productName = Moneym8Tests;
			productReference = CA41D9B32CB98316000DCD06 /* Moneym8Tests.xctest */;
			productType = "com.apple.product-type.bundle.unit-test";
		};
		CA41D9BC2CB98316000DCD06 /* Moneym8UITests */ = {
			isa = PBXNativeTarget;
			buildConfigurationList = CA41D9CD2CB98317000DCD06 /* Build configuration list for PBXNativeTarget "Moneym8UITests" */;
			buildPhases = (
				CA41D9B92CB98316000DCD06 /* Sources */,
				CA41D9BA2CB98316000DCD06 /* Frameworks */,
				CA41D9BB2CB98316000DCD06 /* Resources */,
			);
			buildRules = (
			);
			dependencies = (
				CA41D9BF2CB98317000DCD06 /* PBXTargetDependency */,
			);
			fileSystemSynchronizedGroups = (
				CA41D9C02CB98317000DCD06 /* Moneym8UITests */,
			);
			name = Moneym8UITests;
			packageProductDependencies = (
			);
			productName = Moneym8UITests;
			productReference = CA41D9BD2CB98316000DCD06 /* Moneym8UITests.xctest */;
			productType = "com.apple.product-type.bundle.ui-testing";
		};
		CAE3CAFA2D111D2C00F3A8FF /* Money widgetExtension */ = {
			isa = PBXNativeTarget;
			buildConfigurationList = CAE3CB0F2D111D2F00F3A8FF /* Build configuration list for PBXNativeTarget "Money widgetExtension" */;
			buildPhases = (
				CAE3CAF72D111D2C00F3A8FF /* Sources */,
				CAE3CAF82D111D2C00F3A8FF /* Frameworks */,
				CAE3CAF92D111D2C00F3A8FF /* Resources */,
			);
			buildRules = (
			);
			dependencies = (
			);
			fileSystemSynchronizedGroups = (
				CAE3CAFE2D111D2D00F3A8FF /* Money widget */,
			);
			name = "Money widgetExtension";
			packageProductDependencies = (
			);
			productName = "Money widgetExtension";
			productReference = CAE3CAFB2D111D2C00F3A8FF /* Money widgetExtension.appex */;
			productType = "com.apple.product-type.app-extension";
		};
/* End PBXNativeTarget section */

/* Begin PBXProject section */
		CA41D9992CB98313000DCD06 /* Project object */ = {
			isa = PBXProject;
			attributes = {
				BuildIndependentTargetsInParallel = 1;
				LastSwiftUpdateCheck = 1620;
				LastUpgradeCheck = 1600;
				TargetAttributes = {
					CA41D9A02CB98313000DCD06 = {
						CreatedOnToolsVersion = 16.0;
					};
					CA41D9B22CB98316000DCD06 = {
						CreatedOnToolsVersion = 16.0;
						TestTargetID = CA41D9A02CB98313000DCD06;
					};
					CA41D9BC2CB98316000DCD06 = {
						CreatedOnToolsVersion = 16.0;
						TestTargetID = CA41D9A02CB98313000DCD06;
					};
					CAE3CAFA2D111D2C00F3A8FF = {
						CreatedOnToolsVersion = 16.2;
					};
				};
			};
			buildConfigurationList = CA41D99C2CB98313000DCD06 /* Build configuration list for PBXProject "Moneym8" */;
			developmentRegion = en;
			hasScannedForEncodings = 0;
			knownRegions = (
				en,
				Base,
			);
			mainGroup = CA41D9982CB98313000DCD06;
			minimizedProjectReferenceProxies = 1;
			packageReferences = (
				CAA348722D062AF4004BAE1F /* XCRemoteSwiftPackageReference "firebase-ios-sdk" */,
			);
			preferredProjectObjectVersion = 77;
			productRefGroup = CA41D9A22CB98313000DCD06 /* Products */;
			projectDirPath = "";
			projectRoot = "";
			targets = (
				CA41D9A02CB98313000DCD06 /* Moneym8 */,
				CA41D9B22CB98316000DCD06 /* Moneym8Tests */,
				CA41D9BC2CB98316000DCD06 /* Moneym8UITests */,
				CAE3CAFA2D111D2C00F3A8FF /* Money widgetExtension */,
			);
		};
/* End PBXProject section */

/* Begin PBXResourcesBuildPhase section */
		CA41D99F2CB98313000DCD06 /* Resources */ = {
			isa = PBXResourcesBuildPhase;
			buildActionMask = 2147483647;
			files = (
				CA054C5F2CF1ACE300AA8384 /* .gitignore in Resources */,
			);
			runOnlyForDeploymentPostprocessing = 0;
		};
		CA41D9B12CB98316000DCD06 /* Resources */ = {
			isa = PBXResourcesBuildPhase;
			buildActionMask = 2147483647;
			files = (
			);
			runOnlyForDeploymentPostprocessing = 0;
		};
		CA41D9BB2CB98316000DCD06 /* Resources */ = {
			isa = PBXResourcesBuildPhase;
			buildActionMask = 2147483647;
			files = (
			);
			runOnlyForDeploymentPostprocessing = 0;
		};
		CAE3CAF92D111D2C00F3A8FF /* Resources */ = {
			isa = PBXResourcesBuildPhase;
			buildActionMask = 2147483647;
			files = (
			);
			runOnlyForDeploymentPostprocessing = 0;
		};
/* End PBXResourcesBuildPhase section */

/* Begin PBXSourcesBuildPhase section */
		CA41D99D2CB98313000DCD06 /* Sources */ = {
			isa = PBXSourcesBuildPhase;
			buildActionMask = 2147483647;
			files = (
			);
			runOnlyForDeploymentPostprocessing = 0;
		};
		CA41D9AF2CB98316000DCD06 /* Sources */ = {
			isa = PBXSourcesBuildPhase;
			buildActionMask = 2147483647;
			files = (
			);
			runOnlyForDeploymentPostprocessing = 0;
		};
		CA41D9B92CB98316000DCD06 /* Sources */ = {
			isa = PBXSourcesBuildPhase;
			buildActionMask = 2147483647;
			files = (
			);
			runOnlyForDeploymentPostprocessing = 0;
		};
		CAE3CAF72D111D2C00F3A8FF /* Sources */ = {
			isa = PBXSourcesBuildPhase;
			buildActionMask = 2147483647;
			files = (
			);
			runOnlyForDeploymentPostprocessing = 0;
		};
/* End PBXSourcesBuildPhase section */

/* Begin PBXTargetDependency section */
		CA41D9B52CB98316000DCD06 /* PBXTargetDependency */ = {
			isa = PBXTargetDependency;
			target = CA41D9A02CB98313000DCD06 /* Moneym8 */;
			targetProxy = CA41D9B42CB98316000DCD06 /* PBXContainerItemProxy */;
		};
		CA41D9BF2CB98317000DCD06 /* PBXTargetDependency */ = {
			isa = PBXTargetDependency;
			target = CA41D9A02CB98313000DCD06 /* Moneym8 */;
			targetProxy = CA41D9BE2CB98317000DCD06 /* PBXContainerItemProxy */;
		};
		CAE3CB0D2D111D2F00F3A8FF /* PBXTargetDependency */ = {
			isa = PBXTargetDependency;
			target = CAE3CAFA2D111D2C00F3A8FF /* Money widgetExtension */;
			targetProxy = CAE3CB0C2D111D2F00F3A8FF /* PBXContainerItemProxy */;
		};
/* End PBXTargetDependency section */

/* Begin XCBuildConfiguration section */
		CA41D9C52CB98317000DCD06 /* Debug */ = {
			isa = XCBuildConfiguration;
			buildSettings = {
				ALWAYS_SEARCH_USER_PATHS = NO;
				ASSETCATALOG_COMPILER_GENERATE_SWIFT_ASSET_SYMBOL_EXTENSIONS = YES;
				CLANG_ANALYZER_NONNULL = YES;
				CLANG_ANALYZER_NUMBER_OBJECT_CONVERSION = YES_AGGRESSIVE;
				CLANG_CXX_LANGUAGE_STANDARD = "gnu++20";
				CLANG_ENABLE_MODULES = YES;
				CLANG_ENABLE_OBJC_ARC = YES;
				CLANG_ENABLE_OBJC_WEAK = YES;
				CLANG_WARN_BLOCK_CAPTURE_AUTORELEASING = YES;
				CLANG_WARN_BOOL_CONVERSION = YES;
				CLANG_WARN_COMMA = YES;
				CLANG_WARN_CONSTANT_CONVERSION = YES;
				CLANG_WARN_DEPRECATED_OBJC_IMPLEMENTATIONS = YES;
				CLANG_WARN_DIRECT_OBJC_ISA_USAGE = YES_ERROR;
				CLANG_WARN_DOCUMENTATION_COMMENTS = YES;
				CLANG_WARN_EMPTY_BODY = YES;
				CLANG_WARN_ENUM_CONVERSION = YES;
				CLANG_WARN_INFINITE_RECURSION = YES;
				CLANG_WARN_INT_CONVERSION = YES;
				CLANG_WARN_NON_LITERAL_NULL_CONVERSION = YES;
				CLANG_WARN_OBJC_IMPLICIT_RETAIN_SELF = YES;
				CLANG_WARN_OBJC_LITERAL_CONVERSION = YES;
				CLANG_WARN_OBJC_ROOT_CLASS = YES_ERROR;
				CLANG_WARN_QUOTED_INCLUDE_IN_FRAMEWORK_HEADER = YES;
				CLANG_WARN_RANGE_LOOP_ANALYSIS = YES;
				CLANG_WARN_STRICT_PROTOTYPES = YES;
				CLANG_WARN_SUSPICIOUS_MOVE = YES;
				CLANG_WARN_UNGUARDED_AVAILABILITY = YES_AGGRESSIVE;
				CLANG_WARN_UNREACHABLE_CODE = YES;
				CLANG_WARN__DUPLICATE_METHOD_MATCH = YES;
				COPY_PHASE_STRIP = NO;
				DEBUG_INFORMATION_FORMAT = dwarf;
				ENABLE_STRICT_OBJC_MSGSEND = YES;
				ENABLE_TESTABILITY = YES;
				ENABLE_USER_SCRIPT_SANDBOXING = YES;
				GCC_C_LANGUAGE_STANDARD = gnu17;
				GCC_DYNAMIC_NO_PIC = NO;
				GCC_NO_COMMON_BLOCKS = YES;
				GCC_OPTIMIZATION_LEVEL = 0;
				GCC_PREPROCESSOR_DEFINITIONS = (
					"DEBUG=1",
					"$(inherited)",
				);
				GCC_WARN_64_TO_32_BIT_CONVERSION = YES;
				GCC_WARN_ABOUT_RETURN_TYPE = YES_ERROR;
				GCC_WARN_UNDECLARED_SELECTOR = YES;
				GCC_WARN_UNINITIALIZED_AUTOS = YES_AGGRESSIVE;
				GCC_WARN_UNUSED_FUNCTION = YES;
				GCC_WARN_UNUSED_VARIABLE = YES;
				IPHONEOS_DEPLOYMENT_TARGET = 18.0;
				LOCALIZATION_PREFERS_STRING_CATALOGS = YES;
				MTL_ENABLE_DEBUG_INFO = INCLUDE_SOURCE;
				MTL_FAST_MATH = YES;
				ONLY_ACTIVE_ARCH = YES;
				SDKROOT = iphoneos;
				SWIFT_ACTIVE_COMPILATION_CONDITIONS = "DEBUG $(inherited)";
				SWIFT_OPTIMIZATION_LEVEL = "-Onone";
			};
			name = Debug;
		};
		CA41D9C62CB98317000DCD06 /* Release */ = {
			isa = XCBuildConfiguration;
			buildSettings = {
				ALWAYS_SEARCH_USER_PATHS = NO;
				ASSETCATALOG_COMPILER_GENERATE_SWIFT_ASSET_SYMBOL_EXTENSIONS = YES;
				CLANG_ANALYZER_NONNULL = YES;
				CLANG_ANALYZER_NUMBER_OBJECT_CONVERSION = YES_AGGRESSIVE;
				CLANG_CXX_LANGUAGE_STANDARD = "gnu++20";
				CLANG_ENABLE_MODULES = YES;
				CLANG_ENABLE_OBJC_ARC = YES;
				CLANG_ENABLE_OBJC_WEAK = YES;
				CLANG_WARN_BLOCK_CAPTURE_AUTORELEASING = YES;
				CLANG_WARN_BOOL_CONVERSION = YES;
				CLANG_WARN_COMMA = YES;
				CLANG_WARN_CONSTANT_CONVERSION = YES;
				CLANG_WARN_DEPRECATED_OBJC_IMPLEMENTATIONS = YES;
				CLANG_WARN_DIRECT_OBJC_ISA_USAGE = YES_ERROR;
				CLANG_WARN_DOCUMENTATION_COMMENTS = YES;
				CLANG_WARN_EMPTY_BODY = YES;
				CLANG_WARN_ENUM_CONVERSION = YES;
				CLANG_WARN_INFINITE_RECURSION = YES;
				CLANG_WARN_INT_CONVERSION = YES;
				CLANG_WARN_NON_LITERAL_NULL_CONVERSION = YES;
				CLANG_WARN_OBJC_IMPLICIT_RETAIN_SELF = YES;
				CLANG_WARN_OBJC_LITERAL_CONVERSION = YES;
				CLANG_WARN_OBJC_ROOT_CLASS = YES_ERROR;
				CLANG_WARN_QUOTED_INCLUDE_IN_FRAMEWORK_HEADER = YES;
				CLANG_WARN_RANGE_LOOP_ANALYSIS = YES;
				CLANG_WARN_STRICT_PROTOTYPES = YES;
				CLANG_WARN_SUSPICIOUS_MOVE = YES;
				CLANG_WARN_UNGUARDED_AVAILABILITY = YES_AGGRESSIVE;
				CLANG_WARN_UNREACHABLE_CODE = YES;
				CLANG_WARN__DUPLICATE_METHOD_MATCH = YES;
				COPY_PHASE_STRIP = NO;
				DEBUG_INFORMATION_FORMAT = "dwarf-with-dsym";
				ENABLE_NS_ASSERTIONS = NO;
				ENABLE_STRICT_OBJC_MSGSEND = YES;
				ENABLE_USER_SCRIPT_SANDBOXING = YES;
				GCC_C_LANGUAGE_STANDARD = gnu17;
				GCC_NO_COMMON_BLOCKS = YES;
				GCC_WARN_64_TO_32_BIT_CONVERSION = YES;
				GCC_WARN_ABOUT_RETURN_TYPE = YES_ERROR;
				GCC_WARN_UNDECLARED_SELECTOR = YES;
				GCC_WARN_UNINITIALIZED_AUTOS = YES_AGGRESSIVE;
				GCC_WARN_UNUSED_FUNCTION = YES;
				GCC_WARN_UNUSED_VARIABLE = YES;
				IPHONEOS_DEPLOYMENT_TARGET = 18.0;
				LOCALIZATION_PREFERS_STRING_CATALOGS = YES;
				MTL_ENABLE_DEBUG_INFO = NO;
				MTL_FAST_MATH = YES;
				SDKROOT = iphoneos;
				SWIFT_COMPILATION_MODE = wholemodule;
				VALIDATE_PRODUCT = YES;
			};
			name = Release;
		};
		CA41D9C82CB98317000DCD06 /* Debug */ = {
			isa = XCBuildConfiguration;
			buildSettings = {
				ASSETCATALOG_COMPILER_APPICON_NAME = AppIcon;
				ASSETCATALOG_COMPILER_GLOBAL_ACCENT_COLOR_NAME = AccentColor;
				CODE_SIGN_ENTITLEMENTS = Moneym8/Moneym8.entitlements;
				CODE_SIGN_STYLE = Automatic;
				CURRENT_PROJECT_VERSION = 1;
				DEVELOPMENT_ASSET_PATHS = "\"Moneym8/Preview Content\"";
				DEVELOPMENT_TEAM = N9QB443496;
				ENABLE_PREVIEWS = YES;
				GENERATE_INFOPLIST_FILE = NO;
				INFOPLIST_FILE = Moneym8/Info.plist;
				INFOPLIST_KEY_CFBundleDisplayName = Moneym8;
				INFOPLIST_KEY_LSApplicationCategoryType = "public.app-category.finance";
				INFOPLIST_KEY_UIApplicationSceneManifest_Generation = YES;
				INFOPLIST_KEY_UIApplicationSupportsIndirectInputEvents = YES;
				INFOPLIST_KEY_UILaunchScreen_Generation = YES;
				INFOPLIST_KEY_UIStatusBarStyle = "";
				INFOPLIST_KEY_UISupportedInterfaceOrientations_iPad = "UIInterfaceOrientationPortrait UIInterfaceOrientationPortraitUpsideDown UIInterfaceOrientationLandscapeLeft UIInterfaceOrientationLandscapeRight";
				INFOPLIST_KEY_UISupportedInterfaceOrientations_iPhone = "YES UIInterfaceOrientationPortrait UIInterfaceOrientationLandscapeLeft UIInterfaceOrientationLandscapeRight";
				IPHONEOS_DEPLOYMENT_TARGET = 17.6;
				LD_RUNPATH_SEARCH_PATHS = (
					"$(inherited)",
					"@executable_path/Frameworks",
				);
				MARKETING_VERSION = 1.0;
				PRODUCT_BUNDLE_IDENTIFIER = jackpotautomations.fyi.Moneym8;
				PRODUCT_NAME = "$(TARGET_NAME)";
				SUPPORTED_PLATFORMS = "iphoneos iphonesimulator";
				SUPPORTS_MACCATALYST = NO;
				SWIFT_EMIT_LOC_STRINGS = YES;
				SWIFT_VERSION = 5.0;
				TARGETED_DEVICE_FAMILY = 1;
				hi = "";
			};
			name = Debug;
		};
		CA41D9C92CB98317000DCD06 /* Release */ = {
			isa = XCBuildConfiguration;
			buildSettings = {
				ASSETCATALOG_COMPILER_APPICON_NAME = AppIcon;
				ASSETCATALOG_COMPILER_GLOBAL_ACCENT_COLOR_NAME = AccentColor;
				CODE_SIGN_ENTITLEMENTS = Moneym8/Moneym8.entitlements;
				CODE_SIGN_STYLE = Automatic;
				CURRENT_PROJECT_VERSION = 1;
				DEVELOPMENT_ASSET_PATHS = "\"Moneym8/Preview Content\"";
				DEVELOPMENT_TEAM = N9QB443496;
				ENABLE_PREVIEWS = YES;
				GENERATE_INFOPLIST_FILE = NO;
				INFOPLIST_FILE = Moneym8/Info.plist;
				INFOPLIST_KEY_CFBundleDisplayName = Moneym8;
				INFOPLIST_KEY_LSApplicationCategoryType = "public.app-category.finance";
				INFOPLIST_KEY_UIApplicationSceneManifest_Generation = YES;
				INFOPLIST_KEY_UIApplicationSupportsIndirectInputEvents = YES;
				INFOPLIST_KEY_UILaunchScreen_Generation = YES;
				INFOPLIST_KEY_UIStatusBarStyle = "";
				INFOPLIST_KEY_UISupportedInterfaceOrientations_iPad = "UIInterfaceOrientationPortrait UIInterfaceOrientationPortraitUpsideDown UIInterfaceOrientationLandscapeLeft UIInterfaceOrientationLandscapeRight";
				INFOPLIST_KEY_UISupportedInterfaceOrientations_iPhone = "YES UIInterfaceOrientationPortrait UIInterfaceOrientationLandscapeLeft UIInterfaceOrientationLandscapeRight";
				IPHONEOS_DEPLOYMENT_TARGET = 17.6;
				LD_RUNPATH_SEARCH_PATHS = (
					"$(inherited)",
					"@executable_path/Frameworks",
				);
				MARKETING_VERSION = 1.0;
				PRODUCT_BUNDLE_IDENTIFIER = jackpotautomations.fyi.Moneym8;
				PRODUCT_NAME = "$(TARGET_NAME)";
				SUPPORTED_PLATFORMS = "iphoneos iphonesimulator";
				SUPPORTS_MACCATALYST = NO;
				SWIFT_EMIT_LOC_STRINGS = YES;
				SWIFT_VERSION = 5.0;
				TARGETED_DEVICE_FAMILY = 1;
				hi = "";
				"hi[arch=*]" = "";
			};
			name = Release;
		};
		CA41D9CB2CB98317000DCD06 /* Debug */ = {
			isa = XCBuildConfiguration;
			buildSettings = {
				BUNDLE_LOADER = "$(TEST_HOST)";
				CODE_SIGN_STYLE = Automatic;
				CURRENT_PROJECT_VERSION = 1;
				DEVELOPMENT_TEAM = N9QB443496;
				GENERATE_INFOPLIST_FILE = YES;
				IPHONEOS_DEPLOYMENT_TARGET = 17.6;
				MARKETING_VERSION = 1.0;
				PRODUCT_BUNDLE_IDENTIFIER = jackpotautomations.fyi.Moneym8Tests;
				PRODUCT_NAME = "$(TARGET_NAME)";
				SWIFT_EMIT_LOC_STRINGS = NO;
				SWIFT_VERSION = 5.0;
				TARGETED_DEVICE_FAMILY = "1,2";
				TEST_HOST = "$(BUILT_PRODUCTS_DIR)/Moneym8.app/$(BUNDLE_EXECUTABLE_FOLDER_PATH)/Moneym8";
			};
			name = Debug;
		};
		CA41D9CC2CB98317000DCD06 /* Release */ = {
			isa = XCBuildConfiguration;
			buildSettings = {
				BUNDLE_LOADER = "$(TEST_HOST)";
				CODE_SIGN_STYLE = Automatic;
				CURRENT_PROJECT_VERSION = 1;
				DEVELOPMENT_TEAM = N9QB443496;
				GENERATE_INFOPLIST_FILE = YES;
				IPHONEOS_DEPLOYMENT_TARGET = 17.6;
				MARKETING_VERSION = 1.0;
				PRODUCT_BUNDLE_IDENTIFIER = jackpotautomations.fyi.Moneym8Tests;
				PRODUCT_NAME = "$(TARGET_NAME)";
				SWIFT_EMIT_LOC_STRINGS = NO;
				SWIFT_VERSION = 5.0;
				TARGETED_DEVICE_FAMILY = "1,2";
				TEST_HOST = "$(BUILT_PRODUCTS_DIR)/Moneym8.app/$(BUNDLE_EXECUTABLE_FOLDER_PATH)/Moneym8";
			};
			name = Release;
		};
		CA41D9CE2CB98317000DCD06 /* Debug */ = {
			isa = XCBuildConfiguration;
			buildSettings = {
				CODE_SIGN_STYLE = Automatic;
				CURRENT_PROJECT_VERSION = 1;
				DEVELOPMENT_TEAM = N9QB443496;
				GENERATE_INFOPLIST_FILE = YES;
				IPHONEOS_DEPLOYMENT_TARGET = 17.6;
				MARKETING_VERSION = 1.0;
				PRODUCT_BUNDLE_IDENTIFIER = jackpotautomations.fyi.Moneym8UITests;
				PRODUCT_NAME = "$(TARGET_NAME)";
				SWIFT_EMIT_LOC_STRINGS = NO;
				SWIFT_VERSION = 5.0;
				TARGETED_DEVICE_FAMILY = "1,2";
				TEST_TARGET_NAME = Moneym8;
			};
			name = Debug;
		};
		CA41D9CF2CB98317000DCD06 /* Release */ = {
			isa = XCBuildConfiguration;
			buildSettings = {
				CODE_SIGN_STYLE = Automatic;
				CURRENT_PROJECT_VERSION = 1;
				DEVELOPMENT_TEAM = N9QB443496;
				GENERATE_INFOPLIST_FILE = YES;
				IPHONEOS_DEPLOYMENT_TARGET = 17.6;
				MARKETING_VERSION = 1.0;
				PRODUCT_BUNDLE_IDENTIFIER = jackpotautomations.fyi.Moneym8UITests;
				PRODUCT_NAME = "$(TARGET_NAME)";
				SWIFT_EMIT_LOC_STRINGS = NO;
				SWIFT_VERSION = 5.0;
				TARGETED_DEVICE_FAMILY = "1,2";
				TEST_TARGET_NAME = Moneym8;
			};
			name = Release;
		};
		CAE3CB102D111D2F00F3A8FF /* Debug */ = {
			isa = XCBuildConfiguration;
			buildSettings = {
				ASSETCATALOG_COMPILER_GLOBAL_ACCENT_COLOR_NAME = AccentColor;
				ASSETCATALOG_COMPILER_WIDGET_BACKGROUND_COLOR_NAME = WidgetBackground;
				CODE_SIGN_ENTITLEMENTS = "Money widgetExtension.entitlements";
				CODE_SIGN_STYLE = Automatic;
				CURRENT_PROJECT_VERSION = 1;
				DEVELOPMENT_TEAM = N9QB443496;
				GENERATE_INFOPLIST_FILE = YES;
				INFOPLIST_FILE = "Money widget/Info.plist";
				INFOPLIST_KEY_CFBundleDisplayName = "Money widget";
				INFOPLIST_KEY_NSHumanReadableCopyright = "";
				IPHONEOS_DEPLOYMENT_TARGET = 17.6;
				LD_RUNPATH_SEARCH_PATHS = (
					"$(inherited)",
					"@executable_path/Frameworks",
					"@executable_path/../../Frameworks",
				);
				MARKETING_VERSION = 1.0;
				PRODUCT_BUNDLE_IDENTIFIER = jackpotautomations.fyi.Moneym8.widget;
				PRODUCT_NAME = "$(TARGET_NAME)";
				SKIP_INSTALL = NO;
				SWIFT_EMIT_LOC_STRINGS = YES;
				SWIFT_VERSION = 5.0;
				TARGETED_DEVICE_FAMILY = "1,2";
			};
			name = Debug;
		};
		CAE3CB112D111D2F00F3A8FF /* Release */ = {
			isa = XCBuildConfiguration;
			buildSettings = {
				ASSETCATALOG_COMPILER_GLOBAL_ACCENT_COLOR_NAME = AccentColor;
				ASSETCATALOG_COMPILER_WIDGET_BACKGROUND_COLOR_NAME = WidgetBackground;
				CODE_SIGN_ENTITLEMENTS = "Money widgetExtension.entitlements";
				CODE_SIGN_STYLE = Automatic;
				CURRENT_PROJECT_VERSION = 1;
				DEVELOPMENT_TEAM = N9QB443496;
				GENERATE_INFOPLIST_FILE = YES;
				INFOPLIST_FILE = "Money widget/Info.plist";
				INFOPLIST_KEY_CFBundleDisplayName = "Money widget";
				INFOPLIST_KEY_NSHumanReadableCopyright = "";
				IPHONEOS_DEPLOYMENT_TARGET = 17.6;
				LD_RUNPATH_SEARCH_PATHS = (
					"$(inherited)",
					"@executable_path/Frameworks",
					"@executable_path/../../Frameworks",
				);
				MARKETING_VERSION = 1.0;
				PRODUCT_BUNDLE_IDENTIFIER = jackpotautomations.fyi.Moneym8.widget;
				PRODUCT_NAME = "$(TARGET_NAME)";
				SKIP_INSTALL = NO;
				SWIFT_EMIT_LOC_STRINGS = YES;
				SWIFT_VERSION = 5.0;
				TARGETED_DEVICE_FAMILY = "1,2";
			};
			name = Release;
		};
/* End XCBuildConfiguration section */

/* Begin XCConfigurationList section */
		CA41D99C2CB98313000DCD06 /* Build configuration list for PBXProject "Moneym8" */ = {
			isa = XCConfigurationList;
			buildConfigurations = (
				CA41D9C52CB98317000DCD06 /* Debug */,
				CA41D9C62CB98317000DCD06 /* Release */,
			);
			defaultConfigurationIsVisible = 0;
			defaultConfigurationName = Release;
		};
		CA41D9C72CB98317000DCD06 /* Build configuration list for PBXNativeTarget "Moneym8" */ = {
			isa = XCConfigurationList;
			buildConfigurations = (
				CA41D9C82CB98317000DCD06 /* Debug */,
				CA41D9C92CB98317000DCD06 /* Release */,
			);
			defaultConfigurationIsVisible = 0;
			defaultConfigurationName = Release;
		};
		CA41D9CA2CB98317000DCD06 /* Build configuration list for PBXNativeTarget "Moneym8Tests" */ = {
			isa = XCConfigurationList;
			buildConfigurations = (
				CA41D9CB2CB98317000DCD06 /* Debug */,
				CA41D9CC2CB98317000DCD06 /* Release */,
			);
			defaultConfigurationIsVisible = 0;
			defaultConfigurationName = Release;
		};
		CA41D9CD2CB98317000DCD06 /* Build configuration list for PBXNativeTarget "Moneym8UITests" */ = {
			isa = XCConfigurationList;
			buildConfigurations = (
				CA41D9CE2CB98317000DCD06 /* Debug */,
				CA41D9CF2CB98317000DCD06 /* Release */,
			);
			defaultConfigurationIsVisible = 0;
			defaultConfigurationName = Release;
		};
		CAE3CB0F2D111D2F00F3A8FF /* Build configuration list for PBXNativeTarget "Money widgetExtension" */ = {
			isa = XCConfigurationList;
			buildConfigurations = (
				CAE3CB102D111D2F00F3A8FF /* Debug */,
				CAE3CB112D111D2F00F3A8FF /* Release */,
			);
			defaultConfigurationIsVisible = 0;
			defaultConfigurationName = Release;
		};
/* End XCConfigurationList section */

/* Begin XCRemoteSwiftPackageReference section */
		CAA348722D062AF4004BAE1F /* XCRemoteSwiftPackageReference "firebase-ios-sdk" */ = {
			isa = XCRemoteSwiftPackageReference;
			repositoryURL = "https://github.com/firebase/firebase-ios-sdk";
			requirement = {
				kind = upToNextMajorVersion;
				minimumVersion = 11.6.0;
			};
		};
/* End XCRemoteSwiftPackageReference section */

/* Begin XCSwiftPackageProductDependency section */
		CAA348732D062AF4004BAE1F /* FirebaseAnalytics */ = {
			isa = XCSwiftPackageProductDependency;
			package = CAA348722D062AF4004BAE1F /* XCRemoteSwiftPackageReference "firebase-ios-sdk" */;
			productName = FirebaseAnalytics;
		};
		CAA348752D062AF4004BAE1F /* FirebaseAnalyticsOnDeviceConversion */ = {
			isa = XCSwiftPackageProductDependency;
			package = CAA348722D062AF4004BAE1F /* XCRemoteSwiftPackageReference "firebase-ios-sdk" */;
			productName = FirebaseAnalyticsOnDeviceConversion;
		};
		CAA348772D062AF4004BAE1F /* FirebaseAnalyticsWithoutAdIdSupport */ = {
			isa = XCSwiftPackageProductDependency;
			package = CAA348722D062AF4004BAE1F /* XCRemoteSwiftPackageReference "firebase-ios-sdk" */;
			productName = FirebaseAnalyticsWithoutAdIdSupport;
		};
		CAA348792D062AF4004BAE1F /* FirebaseAppCheck */ = {
			isa = XCSwiftPackageProductDependency;
			package = CAA348722D062AF4004BAE1F /* XCRemoteSwiftPackageReference "firebase-ios-sdk" */;
			productName = FirebaseAppCheck;
		};
		CAA3487B2D062AF4004BAE1F /* FirebaseAppDistribution-Beta */ = {
			isa = XCSwiftPackageProductDependency;
			package = CAA348722D062AF4004BAE1F /* XCRemoteSwiftPackageReference "firebase-ios-sdk" */;
			productName = "FirebaseAppDistribution-Beta";
		};
		CAA3487F2D066107004BAE1F /* FirebaseAuth */ = {
			isa = XCSwiftPackageProductDependency;
			package = CAA348722D062AF4004BAE1F /* XCRemoteSwiftPackageReference "firebase-ios-sdk" */;
			productName = FirebaseAuth;
		};
		CAA348812D066107004BAE1F /* FirebaseAuthCombine-Community */ = {
			isa = XCSwiftPackageProductDependency;
			package = CAA348722D062AF4004BAE1F /* XCRemoteSwiftPackageReference "firebase-ios-sdk" */;
			productName = "FirebaseAuthCombine-Community";
		};
		CAA348832D066107004BAE1F /* FirebaseCore */ = {
			isa = XCSwiftPackageProductDependency;
			package = CAA348722D062AF4004BAE1F /* XCRemoteSwiftPackageReference "firebase-ios-sdk" */;
			productName = FirebaseCore;
		};
		CAA348852D066107004BAE1F /* FirebaseCrashlytics */ = {
			isa = XCSwiftPackageProductDependency;
			package = CAA348722D062AF4004BAE1F /* XCRemoteSwiftPackageReference "firebase-ios-sdk" */;
			productName = FirebaseCrashlytics;
		};
		CAA348872D066107004BAE1F /* FirebaseDatabase */ = {
			isa = XCSwiftPackageProductDependency;
			package = CAA348722D062AF4004BAE1F /* XCRemoteSwiftPackageReference "firebase-ios-sdk" */;
			productName = FirebaseDatabase;
		};
		CAA348892D066107004BAE1F /* FirebaseDynamicLinks */ = {
			isa = XCSwiftPackageProductDependency;
			package = CAA348722D062AF4004BAE1F /* XCRemoteSwiftPackageReference "firebase-ios-sdk" */;
			productName = FirebaseDynamicLinks;
		};
		CAA3488B2D066107004BAE1F /* FirebaseFirestore */ = {
			isa = XCSwiftPackageProductDependency;
			package = CAA348722D062AF4004BAE1F /* XCRemoteSwiftPackageReference "firebase-ios-sdk" */;
			productName = FirebaseFirestore;
		};
		CAA3488D2D066107004BAE1F /* FirebaseFirestoreCombine-Community */ = {
			isa = XCSwiftPackageProductDependency;
			package = CAA348722D062AF4004BAE1F /* XCRemoteSwiftPackageReference "firebase-ios-sdk" */;
			productName = "FirebaseFirestoreCombine-Community";
		};
		CAA3488F2D066107004BAE1F /* FirebaseFunctions */ = {
			isa = XCSwiftPackageProductDependency;
			package = CAA348722D062AF4004BAE1F /* XCRemoteSwiftPackageReference "firebase-ios-sdk" */;
			productName = FirebaseFunctions;
		};
		CAA348912D066107004BAE1F /* FirebaseFunctionsCombine-Community */ = {
			isa = XCSwiftPackageProductDependency;
			package = CAA348722D062AF4004BAE1F /* XCRemoteSwiftPackageReference "firebase-ios-sdk" */;
			productName = "FirebaseFunctionsCombine-Community";
		};
		CAA348932D066107004BAE1F /* FirebaseInAppMessaging-Beta */ = {
			isa = XCSwiftPackageProductDependency;
			package = CAA348722D062AF4004BAE1F /* XCRemoteSwiftPackageReference "firebase-ios-sdk" */;
			productName = "FirebaseInAppMessaging-Beta";
		};
		CAA348952D066107004BAE1F /* FirebaseInstallations */ = {
			isa = XCSwiftPackageProductDependency;
			package = CAA348722D062AF4004BAE1F /* XCRemoteSwiftPackageReference "firebase-ios-sdk" */;
			productName = FirebaseInstallations;
		};
		CAA348972D066107004BAE1F /* FirebaseMLModelDownloader */ = {
			isa = XCSwiftPackageProductDependency;
			package = CAA348722D062AF4004BAE1F /* XCRemoteSwiftPackageReference "firebase-ios-sdk" */;
			productName = FirebaseMLModelDownloader;
		};
		CAA348992D066107004BAE1F /* FirebaseMessaging */ = {
			isa = XCSwiftPackageProductDependency;
			package = CAA348722D062AF4004BAE1F /* XCRemoteSwiftPackageReference "firebase-ios-sdk" */;
			productName = FirebaseMessaging;
		};
		CAA3489B2D066107004BAE1F /* FirebasePerformance */ = {
			isa = XCSwiftPackageProductDependency;
			package = CAA348722D062AF4004BAE1F /* XCRemoteSwiftPackageReference "firebase-ios-sdk" */;
			productName = FirebasePerformance;
		};
		CAA3489D2D066107004BAE1F /* FirebaseRemoteConfig */ = {
			isa = XCSwiftPackageProductDependency;
			package = CAA348722D062AF4004BAE1F /* XCRemoteSwiftPackageReference "firebase-ios-sdk" */;
			productName = FirebaseRemoteConfig;
		};
		CAA3489F2D066107004BAE1F /* FirebaseStorage */ = {
			isa = XCSwiftPackageProductDependency;
			package = CAA348722D062AF4004BAE1F /* XCRemoteSwiftPackageReference "firebase-ios-sdk" */;
			productName = FirebaseStorage;
		};
		CAA348A12D066107004BAE1F /* FirebaseStorageCombine-Community */ = {
			isa = XCSwiftPackageProductDependency;
			package = CAA348722D062AF4004BAE1F /* XCRemoteSwiftPackageReference "firebase-ios-sdk" */;
			productName = "FirebaseStorageCombine-Community";
		};
		CAA348A32D066107004BAE1F /* FirebaseVertexAI */ = {
			isa = XCSwiftPackageProductDependency;
			package = CAA348722D062AF4004BAE1F /* XCRemoteSwiftPackageReference "firebase-ios-sdk" */;
			productName = FirebaseVertexAI;
		};
/* End XCSwiftPackageProductDependency section */
	};
	rootObject = CA41D9992CB98313000DCD06 /* Project object */;
}
